
Microsoft Visual Studio Solution File, Format Version 12.00
# Visual Studio Version 16
VisualStudioVersion = 16.0.29613.14
MinimumVisualStudioVersion = 10.0.40219.1
Project("{9A19103F-16F7-4668-BE54-9A1E7A4F7556}") = "Taxi.Common", "Taxi.Common\Taxi.Common.csproj", "{D14224F1-9A66-4105-BD92-C5284A66243D}"
EndProject
Project("{9A19103F-16F7-4668-BE54-9A1E7A4F7556}") = "Taxi.Prism", "Taxi.Prism\Taxi.Prism\Taxi.Prism.csproj", "{44928D92-0D94-45E5-BDF3-F6F2B74D2236}"
EndProject
Project("{FAE04EC0-301F-11D3-BF4B-00C04F79EFBC}") = "Taxi.Prism.Android", "Taxi.Prism\Taxi.Prism.Android\Taxi.Prism.Android.csproj", "{8159F06C-2EA5-41FE-BE16-C7428CD723BB}"
EndProject
Project("{FAE04EC0-301F-11D3-BF4B-00C04F79EFBC}") = "Taxi.Prism.iOS", "Taxi.Prism\Taxi.Prism.iOS\Taxi.Prism.iOS.csproj", "{5A2A2929-E412-4A4A-A769-40A5BEFEE831}"
EndProject
Project("{FAE04EC0-301F-11D3-BF4B-00C04F79EFBC}") = "Taxi.Cross.Android", "Taxi.Cross.Android\Taxi.Cross.Android.csproj", "{D70D7E37-CCC6-4A5B-9D18-EF03CBC18780}"
EndProject
Project("{FAE04EC0-301F-11D3-BF4B-00C04F79EFBC}") = "Taxi.Cross.iOS", "Taxi.Cross.iOS\Taxi.Cross.iOS.csproj", "{14356095-0BAD-46D7-94C4-D30E028686EC}"
EndProject
Project("{FAE04EC0-301F-11D3-BF4B-00C04F79EFBC}") = "Taxi.Web", "Taxi.Web\Taxi.Web.csproj", "{E311736B-F0E6-475F-839D-884E591ED866}"
EndProject
Global
	GlobalSection(SolutionConfigurationPlatforms) = preSolution
		Ad-Hoc|Any CPU = Ad-Hoc|Any CPU
		Ad-Hoc|iPhone = Ad-Hoc|iPhone
		Ad-Hoc|iPhoneSimulator = Ad-Hoc|iPhoneSimulator
		AppStore|Any CPU = AppStore|Any CPU
		AppStore|iPhone = AppStore|iPhone
		AppStore|iPhoneSimulator = AppStore|iPhoneSimulator
		Debug|Any CPU = Debug|Any CPU
		Debug|iPhone = Debug|iPhone
		Debug|iPhoneSimulator = Debug|iPhoneSimulator
		Release|Any CPU = Release|Any CPU
		Release|iPhone = Release|iPhone
		Release|iPhoneSimulator = Release|iPhoneSimulator
	EndGlobalSection
	GlobalSection(ProjectConfigurationPlatforms) = postSolution
		{D14224F1-9A66-4105-BD92-C5284A66243D}.Ad-Hoc|Any CPU.ActiveCfg = Debug|Any CPU
		{D14224F1-9A66-4105-BD92-C5284A66243D}.Ad-Hoc|Any CPU.Build.0 = Debug|Any CPU
		{D14224F1-9A66-4105-BD92-C5284A66243D}.Ad-Hoc|iPhone.ActiveCfg = Debug|Any CPU
		{D14224F1-9A66-4105-BD92-C5284A66243D}.Ad-Hoc|iPhone.Build.0 = Debug|Any CPU
		{D14224F1-9A66-4105-BD92-C5284A66243D}.Ad-Hoc|iPhoneSimulator.ActiveCfg = Debug|Any CPU
		{D14224F1-9A66-4105-BD92-C5284A66243D}.Ad-Hoc|iPhoneSimulator.Build.0 = Debug|Any CPU
		{D14224F1-9A66-4105-BD92-C5284A66243D}.AppStore|Any CPU.ActiveCfg = Debug|Any CPU
		{D14224F1-9A66-4105-BD92-C5284A66243D}.AppStore|Any CPU.Build.0 = Debug|Any CPU
		{D14224F1-9A66-4105-BD92-C5284A66243D}.AppStore|iPhone.ActiveCfg = Debug|Any CPU
		{D14224F1-9A66-4105-BD92-C5284A66243D}.AppStore|iPhone.Build.0 = Debug|Any CPU
		{D14224F1-9A66-4105-BD92-C5284A66243D}.AppStore|iPhoneSimulator.ActiveCfg = Debug|Any CPU
		{D14224F1-9A66-4105-BD92-C5284A66243D}.AppStore|iPhoneSimulator.Build.0 = Debug|Any CPU
		{D14224F1-9A66-4105-BD92-C5284A66243D}.Debug|Any CPU.ActiveCfg = Debug|Any CPU
		{D14224F1-9A66-4105-BD92-C5284A66243D}.Debug|Any CPU.Build.0 = Debug|Any CPU
		{D14224F1-9A66-4105-BD92-C5284A66243D}.Debug|iPhone.ActiveCfg = Debug|Any CPU
		{D14224F1-9A66-4105-BD92-C5284A66243D}.Debug|iPhone.Build.0 = Debug|Any CPU
		{D14224F1-9A66-4105-BD92-C5284A66243D}.Debug|iPhoneSimulator.ActiveCfg = Debug|Any CPU
		{D14224F1-9A66-4105-BD92-C5284A66243D}.Debug|iPhoneSimulator.Build.0 = Debug|Any CPU
		{D14224F1-9A66-4105-BD92-C5284A66243D}.Release|Any CPU.ActiveCfg = Release|Any CPU
		{D14224F1-9A66-4105-BD92-C5284A66243D}.Release|Any CPU.Build.0 = Release|Any CPU
		{D14224F1-9A66-4105-BD92-C5284A66243D}.Release|iPhone.ActiveCfg = Release|Any CPU
		{D14224F1-9A66-4105-BD92-C5284A66243D}.Release|iPhone.Build.0 = Release|Any CPU
		{D14224F1-9A66-4105-BD92-C5284A66243D}.Release|iPhoneSimulator.ActiveCfg = Release|Any CPU
		{D14224F1-9A66-4105-BD92-C5284A66243D}.Release|iPhoneSimulator.Build.0 = Release|Any CPU
		{44928D92-0D94-45E5-BDF3-F6F2B74D2236}.Ad-Hoc|Any CPU.ActiveCfg = Debug|Any CPU
		{44928D92-0D94-45E5-BDF3-F6F2B74D2236}.Ad-Hoc|Any CPU.Build.0 = Debug|Any CPU
		{44928D92-0D94-45E5-BDF3-F6F2B74D2236}.Ad-Hoc|iPhone.ActiveCfg = Debug|Any CPU
		{44928D92-0D94-45E5-BDF3-F6F2B74D2236}.Ad-Hoc|iPhone.Build.0 = Debug|Any CPU
		{44928D92-0D94-45E5-BDF3-F6F2B74D2236}.Ad-Hoc|iPhoneSimulator.ActiveCfg = Debug|Any CPU
		{44928D92-0D94-45E5-BDF3-F6F2B74D2236}.Ad-Hoc|iPhoneSimulator.Build.0 = Debug|Any CPU
		{44928D92-0D94-45E5-BDF3-F6F2B74D2236}.AppStore|Any CPU.ActiveCfg = Debug|Any CPU
		{44928D92-0D94-45E5-BDF3-F6F2B74D2236}.AppStore|Any CPU.Build.0 = Debug|Any CPU
		{44928D92-0D94-45E5-BDF3-F6F2B74D2236}.AppStore|iPhone.ActiveCfg = Debug|Any CPU
		{44928D92-0D94-45E5-BDF3-F6F2B74D2236}.AppStore|iPhone.Build.0 = Debug|Any CPU
		{44928D92-0D94-45E5-BDF3-F6F2B74D2236}.AppStore|iPhoneSimulator.ActiveCfg = Debug|Any CPU
		{44928D92-0D94-45E5-BDF3-F6F2B74D2236}.AppStore|iPhoneSimulator.Build.0 = Debug|Any CPU
		{44928D92-0D94-45E5-BDF3-F6F2B74D2236}.Debug|Any CPU.ActiveCfg = Debug|Any CPU
		{44928D92-0D94-45E5-BDF3-F6F2B74D2236}.Debug|Any CPU.Build.0 = Debug|Any CPU
		{44928D92-0D94-45E5-BDF3-F6F2B74D2236}.Debug|iPhone.ActiveCfg = Debug|Any CPU
		{44928D92-0D94-45E5-BDF3-F6F2B74D2236}.Debug|iPhone.Build.0 = Debug|Any CPU
		{44928D92-0D94-45E5-BDF3-F6F2B74D2236}.Debug|iPhoneSimulator.ActiveCfg = Debug|Any CPU
		{44928D92-0D94-45E5-BDF3-F6F2B74D2236}.Debug|iPhoneSimulator.Build.0 = Debug|Any CPU
		{44928D92-0D94-45E5-BDF3-F6F2B74D2236}.Release|Any CPU.ActiveCfg = Release|Any CPU
		{44928D92-0D94-45E5-BDF3-F6F2B74D2236}.Release|Any CPU.Build.0 = Release|Any CPU
		{44928D92-0D94-45E5-BDF3-F6F2B74D2236}.Release|iPhone.ActiveCfg = Release|Any CPU
		{44928D92-0D94-45E5-BDF3-F6F2B74D2236}.Release|iPhone.Build.0 = Release|Any CPU
		{44928D92-0D94-45E5-BDF3-F6F2B74D2236}.Release|iPhoneSimulator.ActiveCfg = Release|Any CPU
		{44928D92-0D94-45E5-BDF3-F6F2B74D2236}.Release|iPhoneSimulator.Build.0 = Release|Any CPU
		{8159F06C-2EA5-41FE-BE16-C7428CD723BB}.Ad-Hoc|Any CPU.ActiveCfg = Release|Any CPU
		{8159F06C-2EA5-41FE-BE16-C7428CD723BB}.Ad-Hoc|Any CPU.Build.0 = Release|Any CPU
		{8159F06C-2EA5-41FE-BE16-C7428CD723BB}.Ad-Hoc|Any CPU.Deploy.0 = Release|Any CPU
		{8159F06C-2EA5-41FE-BE16-C7428CD723BB}.Ad-Hoc|iPhone.ActiveCfg = Release|Any CPU
		{8159F06C-2EA5-41FE-BE16-C7428CD723BB}.Ad-Hoc|iPhone.Build.0 = Release|Any CPU
		{8159F06C-2EA5-41FE-BE16-C7428CD723BB}.Ad-Hoc|iPhone.Deploy.0 = Release|Any CPU
		{8159F06C-2EA5-41FE-BE16-C7428CD723BB}.Ad-Hoc|iPhoneSimulator.ActiveCfg = Release|Any CPU
		{8159F06C-2EA5-41FE-BE16-C7428CD723BB}.Ad-Hoc|iPhoneSimulator.Build.0 = Release|Any CPU
		{8159F06C-2EA5-41FE-BE16-C7428CD723BB}.Ad-Hoc|iPhoneSimulator.Deploy.0 = Release|Any CPU
		{8159F06C-2EA5-41FE-BE16-C7428CD723BB}.AppStore|Any CPU.ActiveCfg = Release|Any CPU
		{8159F06C-2EA5-41FE-BE16-C7428CD723BB}.AppStore|Any CPU.Build.0 = Release|Any CPU
		{8159F06C-2EA5-41FE-BE16-C7428CD723BB}.AppStore|Any CPU.Deploy.0 = Release|Any CPU
		{8159F06C-2EA5-41FE-BE16-C7428CD723BB}.AppStore|iPhone.ActiveCfg = Release|Any CPU
		{8159F06C-2EA5-41FE-BE16-C7428CD723BB}.AppStore|iPhone.Build.0 = Release|Any CPU
		{8159F06C-2EA5-41FE-BE16-C7428CD723BB}.AppStore|iPhone.Deploy.0 = Release|Any CPU
		{8159F06C-2EA5-41FE-BE16-C7428CD723BB}.AppStore|iPhoneSimulator.ActiveCfg = Release|Any CPU
		{8159F06C-2EA5-41FE-BE16-C7428CD723BB}.AppStore|iPhoneSimulator.Build.0 = Release|Any CPU
		{8159F06C-2EA5-41FE-BE16-C7428CD723BB}.AppStore|iPhoneSimulator.Deploy.0 = Release|Any CPU
		{8159F06C-2EA5-41FE-BE16-C7428CD723BB}.Debug|Any CPU.ActiveCfg = Debug|Any CPU
		{8159F06C-2EA5-41FE-BE16-C7428CD723BB}.Debug|Any CPU.Build.0 = Debug|Any CPU
		{8159F06C-2EA5-41FE-BE16-C7428CD723BB}.Debug|Any CPU.Deploy.0 = Debug|Any CPU
		{8159F06C-2EA5-41FE-BE16-C7428CD723BB}.Debug|iPhone.ActiveCfg = Debug|Any CPU
		{8159F06C-2EA5-41FE-BE16-C7428CD723BB}.Debug|iPhone.Build.0 = Debug|Any CPU
		{8159F06C-2EA5-41FE-BE16-C7428CD723BB}.Debug|iPhone.Deploy.0 = Debug|Any CPU
		{8159F06C-2EA5-41FE-BE16-C7428CD723BB}.Debug|iPhoneSimulator.ActiveCfg = Debug|Any CPU
		{8159F06C-2EA5-41FE-BE16-C7428CD723BB}.Debug|iPhoneSimulator.Build.0 = Debug|Any CPU
		{8159F06C-2EA5-41FE-BE16-C7428CD723BB}.Debug|iPhoneSimulator.Deploy.0 = Debug|Any CPU
		{8159F06C-2EA5-41FE-BE16-C7428CD723BB}.Release|Any CPU.ActiveCfg = Release|Any CPU
		{8159F06C-2EA5-41FE-BE16-C7428CD723BB}.Release|Any CPU.Build.0 = Release|Any CPU
		{8159F06C-2EA5-41FE-BE16-C7428CD723BB}.Release|Any CPU.Deploy.0 = Release|Any CPU
		{8159F06C-2EA5-41FE-BE16-C7428CD723BB}.Release|iPhone.ActiveCfg = Release|Any CPU
		{8159F06C-2EA5-41FE-BE16-C7428CD723BB}.Release|iPhone.Build.0 = Release|Any CPU
		{8159F06C-2EA5-41FE-BE16-C7428CD723BB}.Release|iPhone.Deploy.0 = Release|Any CPU
		{8159F06C-2EA5-41FE-BE16-C7428CD723BB}.Release|iPhoneSimulator.ActiveCfg = Release|Any CPU
		{8159F06C-2EA5-41FE-BE16-C7428CD723BB}.Release|iPhoneSimulator.Build.0 = Release|Any CPU
		{8159F06C-2EA5-41FE-BE16-C7428CD723BB}.Release|iPhoneSimulator.Deploy.0 = Release|Any CPU
		{5A2A2929-E412-4A4A-A769-40A5BEFEE831}.Ad-Hoc|Any CPU.ActiveCfg = Ad-Hoc|iPhone
		{5A2A2929-E412-4A4A-A769-40A5BEFEE831}.Ad-Hoc|iPhone.ActiveCfg = Ad-Hoc|iPhone
		{5A2A2929-E412-4A4A-A769-40A5BEFEE831}.Ad-Hoc|iPhone.Build.0 = Ad-Hoc|iPhone
		{5A2A2929-E412-4A4A-A769-40A5BEFEE831}.Ad-Hoc|iPhoneSimulator.ActiveCfg = Ad-Hoc|iPhoneSimulator
		{5A2A2929-E412-4A4A-A769-40A5BEFEE831}.Ad-Hoc|iPhoneSimulator.Build.0 = Ad-Hoc|iPhoneSimulator
		{5A2A2929-E412-4A4A-A769-40A5BEFEE831}.AppStore|Any CPU.ActiveCfg = AppStore|iPhone
		{5A2A2929-E412-4A4A-A769-40A5BEFEE831}.AppStore|iPhone.ActiveCfg = AppStore|iPhone
		{5A2A2929-E412-4A4A-A769-40A5BEFEE831}.AppStore|iPhone.Build.0 = AppStore|iPhone
		{5A2A2929-E412-4A4A-A769-40A5BEFEE831}.AppStore|iPhoneSimulator.ActiveCfg = AppStore|iPhoneSimulator
		{5A2A2929-E412-4A4A-A769-40A5BEFEE831}.AppStore|iPhoneSimulator.Build.0 = AppStore|iPhoneSimulator
		{5A2A2929-E412-4A4A-A769-40A5BEFEE831}.Debug|Any CPU.ActiveCfg = Debug|iPhone
		{5A2A2929-E412-4A4A-A769-40A5BEFEE831}.Debug|iPhone.ActiveCfg = Debug|iPhone
		{5A2A2929-E412-4A4A-A769-40A5BEFEE831}.Debug|iPhone.Build.0 = Debug|iPhone
		{5A2A2929-E412-4A4A-A769-40A5BEFEE831}.Debug|iPhoneSimulator.ActiveCfg = Debug|iPhoneSimulator
		{5A2A2929-E412-4A4A-A769-40A5BEFEE831}.Debug|iPhoneSimulator.Build.0 = Debug|iPhoneSimulator
		{5A2A2929-E412-4A4A-A769-40A5BEFEE831}.Release|Any CPU.ActiveCfg = Release|iPhone
		{5A2A2929-E412-4A4A-A769-40A5BEFEE831}.Release|iPhone.ActiveCfg = Release|iPhone
		{5A2A2929-E412-4A4A-A769-40A5BEFEE831}.Release|iPhone.Build.0 = Release|iPhone
		{5A2A2929-E412-4A4A-A769-40A5BEFEE831}.Release|iPhoneSimulator.ActiveCfg = Release|iPhoneSimulator
		{5A2A2929-E412-4A4A-A769-40A5BEFEE831}.Release|iPhoneSimulator.Build.0 = Release|iPhoneSimulator
		{D70D7E37-CCC6-4A5B-9D18-EF03CBC18780}.Ad-Hoc|Any CPU.ActiveCfg = Release|Any CPU
		{D70D7E37-CCC6-4A5B-9D18-EF03CBC18780}.Ad-Hoc|Any CPU.Build.0 = Release|Any CPU
		{D70D7E37-CCC6-4A5B-9D18-EF03CBC18780}.Ad-Hoc|Any CPU.Deploy.0 = Release|Any CPU
		{D70D7E37-CCC6-4A5B-9D18-EF03CBC18780}.Ad-Hoc|iPhone.ActiveCfg = Release|Any CPU
		{D70D7E37-CCC6-4A5B-9D18-EF03CBC18780}.Ad-Hoc|iPhone.Build.0 = Release|Any CPU
		{D70D7E37-CCC6-4A5B-9D18-EF03CBC18780}.Ad-Hoc|iPhone.Deploy.0 = Release|Any CPU
		{D70D7E37-CCC6-4A5B-9D18-EF03CBC18780}.Ad-Hoc|iPhoneSimulator.ActiveCfg = Release|Any CPU
		{D70D7E37-CCC6-4A5B-9D18-EF03CBC18780}.Ad-Hoc|iPhoneSimulator.Build.0 = Release|Any CPU
		{D70D7E37-CCC6-4A5B-9D18-EF03CBC18780}.Ad-Hoc|iPhoneSimulator.Deploy.0 = Release|Any CPU
		{D70D7E37-CCC6-4A5B-9D18-EF03CBC18780}.AppStore|Any CPU.ActiveCfg = Release|Any CPU
		{D70D7E37-CCC6-4A5B-9D18-EF03CBC18780}.AppStore|Any CPU.Build.0 = Release|Any CPU
		{D70D7E37-CCC6-4A5B-9D18-EF03CBC18780}.AppStore|Any CPU.Deploy.0 = Release|Any CPU
		{D70D7E37-CCC6-4A5B-9D18-EF03CBC18780}.AppStore|iPhone.ActiveCfg = Release|Any CPU
		{D70D7E37-CCC6-4A5B-9D18-EF03CBC18780}.AppStore|iPhone.Build.0 = Release|Any CPU
		{D70D7E37-CCC6-4A5B-9D18-EF03CBC18780}.AppStore|iPhone.Deploy.0 = Release|Any CPU
		{D70D7E37-CCC6-4A5B-9D18-EF03CBC18780}.AppStore|iPhoneSimulator.ActiveCfg = Release|Any CPU
		{D70D7E37-CCC6-4A5B-9D18-EF03CBC18780}.AppStore|iPhoneSimulator.Build.0 = Release|Any CPU
		{D70D7E37-CCC6-4A5B-9D18-EF03CBC18780}.AppStore|iPhoneSimulator.Deploy.0 = Release|Any CPU
		{D70D7E37-CCC6-4A5B-9D18-EF03CBC18780}.Debug|Any CPU.ActiveCfg = Debug|Any CPU
		{D70D7E37-CCC6-4A5B-9D18-EF03CBC18780}.Debug|Any CPU.Build.0 = Debug|Any CPU
		{D70D7E37-CCC6-4A5B-9D18-EF03CBC18780}.Debug|Any CPU.Deploy.0 = Debug|Any CPU
		{D70D7E37-CCC6-4A5B-9D18-EF03CBC18780}.Debug|iPhone.ActiveCfg = Debug|Any CPU
		{D70D7E37-CCC6-4A5B-9D18-EF03CBC18780}.Debug|iPhone.Build.0 = Debug|Any CPU
		{D70D7E37-CCC6-4A5B-9D18-EF03CBC18780}.Debug|iPhone.Deploy.0 = Debug|Any CPU
		{D70D7E37-CCC6-4A5B-9D18-EF03CBC18780}.Debug|iPhoneSimulator.ActiveCfg = Debug|Any CPU
		{D70D7E37-CCC6-4A5B-9D18-EF03CBC18780}.Debug|iPhoneSimulator.Build.0 = Debug|Any CPU
		{D70D7E37-CCC6-4A5B-9D18-EF03CBC18780}.Debug|iPhoneSimulator.Deploy.0 = Debug|Any CPU
		{D70D7E37-CCC6-4A5B-9D18-EF03CBC18780}.Release|Any CPU.ActiveCfg = Release|Any CPU
		{D70D7E37-CCC6-4A5B-9D18-EF03CBC18780}.Release|Any CPU.Build.0 = Release|Any CPU
		{D70D7E37-CCC6-4A5B-9D18-EF03CBC18780}.Release|Any CPU.Deploy.0 = Release|Any CPU
		{D70D7E37-CCC6-4A5B-9D18-EF03CBC18780}.Release|iPhone.ActiveCfg = Release|Any CPU
		{D70D7E37-CCC6-4A5B-9D18-EF03CBC18780}.Release|iPhone.Build.0 = Release|Any CPU
		{D70D7E37-CCC6-4A5B-9D18-EF03CBC18780}.Release|iPhone.Deploy.0 = Release|Any CPU
		{D70D7E37-CCC6-4A5B-9D18-EF03CBC18780}.Release|iPhoneSimulator.ActiveCfg = Release|Any CPU
		{D70D7E37-CCC6-4A5B-9D18-EF03CBC18780}.Release|iPhoneSimulator.Build.0 = Release|Any CPU
		{D70D7E37-CCC6-4A5B-9D18-EF03CBC18780}.Release|iPhoneSimulator.Deploy.0 = Release|Any CPU
		{14356095-0BAD-46D7-94C4-D30E028686EC}.Ad-Hoc|Any CPU.ActiveCfg = Release|iPhone
		{14356095-0BAD-46D7-94C4-D30E028686EC}.Ad-Hoc|Any CPU.Build.0 = Release|iPhone
		{14356095-0BAD-46D7-94C4-D30E028686EC}.Ad-Hoc|iPhone.ActiveCfg = Release|iPhone
		{14356095-0BAD-46D7-94C4-D30E028686EC}.Ad-Hoc|iPhone.Build.0 = Release|iPhone
		{14356095-0BAD-46D7-94C4-D30E028686EC}.Ad-Hoc|iPhoneSimulator.ActiveCfg = Release|iPhoneSimulator
		{14356095-0BAD-46D7-94C4-D30E028686EC}.Ad-Hoc|iPhoneSimulator.Build.0 = Release|iPhoneSimulator
		{14356095-0BAD-46D7-94C4-D30E028686EC}.AppStore|Any CPU.ActiveCfg = Release|iPhone
		{14356095-0BAD-46D7-94C4-D30E028686EC}.AppStore|Any CPU.Build.0 = Release|iPhone
		{14356095-0BAD-46D7-94C4-D30E028686EC}.AppStore|iPhone.ActiveCfg = Release|iPhone
		{14356095-0BAD-46D7-94C4-D30E028686EC}.AppStore|iPhone.Build.0 = Release|iPhone
		{14356095-0BAD-46D7-94C4-D30E028686EC}.AppStore|iPhoneSimulator.ActiveCfg = Release|iPhoneSimulator
		{14356095-0BAD-46D7-94C4-D30E028686EC}.AppStore|iPhoneSimulator.Build.0 = Release|iPhoneSimulator
		{14356095-0BAD-46D7-94C4-D30E028686EC}.Debug|Any CPU.ActiveCfg = Debug|iPhone
		{14356095-0BAD-46D7-94C4-D30E028686EC}.Debug|iPhone.ActiveCfg = Debug|iPhone
		{14356095-0BAD-46D7-94C4-D30E028686EC}.Debug|iPhone.Build.0 = Debug|iPhone
		{14356095-0BAD-46D7-94C4-D30E028686EC}.Debug|iPhoneSimulator.ActiveCfg = Debug|iPhoneSimulator
		{14356095-0BAD-46D7-94C4-D30E028686EC}.Debug|iPhoneSimulator.Build.0 = Debug|iPhoneSimulator
		{14356095-0BAD-46D7-94C4-D30E028686EC}.Release|Any CPU.ActiveCfg = Release|iPhone
		{14356095-0BAD-46D7-94C4-D30E028686EC}.Release|iPhone.ActiveCfg = Release|iPhone
		{14356095-0BAD-46D7-94C4-D30E028686EC}.Release|iPhone.Build.0 = Release|iPhone
		{14356095-0BAD-46D7-94C4-D30E028686EC}.Release|iPhoneSimulator.ActiveCfg = Release|iPhoneSimulator
		{14356095-0BAD-46D7-94C4-D30E028686EC}.Release|iPhoneSimulator.Build.0 = Release|iPhoneSimulator
		{E311736B-F0E6-475F-839D-884E591ED866}.Ad-Hoc|Any CPU.ActiveCfg = Debug|Any CPU
		{E311736B-F0E6-475F-839D-884E591ED866}.Ad-Hoc|Any CPU.Build.0 = Debug|Any CPU
		{E311736B-F0E6-475F-839D-884E591ED866}.Ad-Hoc|iPhone.ActiveCfg = Debug|Any CPU
		{E311736B-F0E6-475F-839D-884E591ED866}.Ad-Hoc|iPhone.Build.0 = Debug|Any CPU
		{E311736B-F0E6-475F-839D-884E591ED866}.Ad-Hoc|iPhoneSimulator.ActiveCfg = Debug|Any CPU
		{E311736B-F0E6-475F-839D-884E591ED866}.Ad-Hoc|iPhoneSimulator.Build.0 = Debug|Any CPU
		{E311736B-F0E6-475F-839D-884E591ED866}.AppStore|Any CPU.ActiveCfg = Debug|Any CPU
		{E311736B-F0E6-475F-839D-884E591ED866}.AppStore|Any CPU.Build.0 = Debug|Any CPU
		{E311736B-F0E6-475F-839D-884E591ED866}.AppStore|iPhone.ActiveCfg = Debug|Any CPU
		{E311736B-F0E6-475F-839D-884E591ED866}.AppStore|iPhone.Build.0 = Debug|Any CPU
		{E311736B-F0E6-475F-839D-884E591ED866}.AppStore|iPhoneSimulator.ActiveCfg = Debug|Any CPU
		{E311736B-F0E6-475F-839D-884E591ED866}.AppStore|iPhoneSimulator.Build.0 = Debug|Any CPU
		{E311736B-F0E6-475F-839D-884E591ED866}.Debug|Any CPU.ActiveCfg = Debug|Any CPU
		{E311736B-F0E6-475F-839D-884E591ED866}.Debug|Any CPU.Build.0 = Debug|Any CPU
		{E311736B-F0E6-475F-839D-884E591ED866}.Debug|iPhone.ActiveCfg = Debug|Any CPU
		{E311736B-F0E6-475F-839D-884E591ED866}.Debug|iPhone.Build.0 = Debug|Any CPU
		{E311736B-F0E6-475F-839D-884E591ED866}.Debug|iPhoneSimulator.ActiveCfg = Debug|Any CPU
		{E311736B-F0E6-475F-839D-884E591ED866}.Debug|iPhoneSimulator.Build.0 = Debug|Any CPU
		{E311736B-F0E6-475F-839D-884E591ED866}.Release|Any CPU.ActiveCfg = Release|Any CPU
		{E311736B-F0E6-475F-839D-884E591ED866}.Release|Any CPU.Build.0 = Release|Any CPU
		{E311736B-F0E6-475F-839D-884E591ED866}.Release|iPhone.ActiveCfg = Release|Any CPU
		{E311736B-F0E6-475F-839D-884E591ED866}.Release|iPhone.Build.0 = Release|Any CPU
		{E311736B-F0E6-475F-839D-884E591ED866}.Release|iPhoneSimulator.ActiveCfg = Release|Any CPU
		{E311736B-F0E6-475F-839D-884E591ED866}.Release|iPhoneSimulator.Build.0 = Release|Any CPU
	EndGlobalSection
	GlobalSection(SolutionProperties) = preSolution
		HideSolutionNode = FALSE
	EndGlobalSection
	GlobalSection(ExtensibilityGlobals) = postSolution
		SolutionGuid = {A25DBDD2-5EA5-4FBC-99AE-7EB7B971A11D}
	EndGlobalSection
EndGlobal
